
Microsoft Visual Studio Solution File, Format Version 12.00
# Visual Studio Version 17
VisualStudioVersion = 17.8.34309.116
MinimumVisualStudioVersion = 10.0.40219.1
Project("{FAE04EC0-301F-11D3-BF4B-00C04F79EFBC}") = "faux-shell-hamburger", "faux-shell-hamburger\faux-shell-hamburger.csproj", "{646EAD0A-56FF-4C3C-AF57-AC43C7C9D94C}"
EndProject
Global
	GlobalSection(SolutionConfigurationPlatforms) = preSolution
		Debug|Any CPU = Debug|Any CPU
		Release|Any CPU = Release|Any CPU
	EndGlobalSection
	GlobalSection(ProjectConfigurationPlatforms) = postSolution
		{646EAD0A-56FF-4C3C-AF57-AC43C7C9D94C}.Debug|Any CPU.ActiveCfg = Debug|Any CPU
		{646EAD0A-56FF-4C3C-AF57-AC43C7C9D94C}.Debug|Any CPU.Build.0 = Debug|Any CPU
		{646EAD0A-56FF-4C3C-AF57-AC43C7C9D94C}.Debug|Any CPU.Deploy.0 = Debug|Any CPU
		{646EAD0A-56FF-4C3C-AF57-AC43C7C9D94C}.Release|Any CPU.ActiveCfg = Release|Any CPU
		{646EAD0A-56FF-4C3C-AF57-AC43C7C9D94C}.Release|Any CPU.Build.0 = Release|Any CPU
		{646EAD0A-56FF-4C3C-AF57-AC43C7C9D94C}.Release|Any CPU.Deploy.0 = Release|Any CPU
	EndGlobalSection
	GlobalSection(SolutionProperties) = preSolution
		HideSolutionNode = FALSE
	EndGlobalSection
	GlobalSection(ExtensibilityGlobals) = postSolution
		SolutionGuid = {681AD39D-6B07-438D-B824-3C32496AAD6E}
	EndGlobalSection
EndGlobal
